
Microsoft Visual Studio Solution File, Format Version 12.00
# Visual Studio Version 17
VisualStudioVersion = 17.14.36915.13 d17.14
MinimumVisualStudioVersion = 10.0.40219.1
Project("{FAE04EC0-301F-11D3-BF4B-00C04F79EFBC}") = "ExamenDem_First", "ExamenDem_First\ExamenDem_First.csproj", "{3ED4E8AF-6C36-42C2-9A2B-C0DC3894B5A7}"
EndProject
Global
	GlobalSection(SolutionConfigurationPlatforms) = preSolution
		Debug|Any CPU = Debug|Any CPU
		Release|Any CPU = Release|Any CPU
	EndGlobalSection
	GlobalSection(ProjectConfigurationPlatforms) = postSolution
		{3ED4E8AF-6C36-42C2-9A2B-C0DC3894B5A7}.Debug|Any CPU.ActiveCfg = Debug|Any CPU
		{3ED4E8AF-6C36-42C2-9A2B-C0DC3894B5A7}.Debug|Any CPU.Build.0 = Debug|Any CPU
		{3ED4E8AF-6C36-42C2-9A2B-C0DC3894B5A7}.Release|Any CPU.ActiveCfg = Release|Any CPU
		{3ED4E8AF-6C36-42C2-9A2B-C0DC3894B5A7}.Release|Any CPU.Build.0 = Release|Any CPU
	EndGlobalSection
	GlobalSection(SolutionProperties) = preSolution
		HideSolutionNode = FALSE
	EndGlobalSection
	GlobalSection(ExtensibilityGlobals) = postSolution
		SolutionGuid = {EA5ECD83-0997-4927-8814-EF59183D1DA4}
	EndGlobalSection
EndGlobal
